
Microsoft Visual Studio Solution File, Format Version 12.00
Project("{FAE04EC0-301F-11D3-BF4B-00C04F79EFBC}") = "AssemblyAI", "AssemblyAI\AssemblyAI.csproj", "{7D54A49F-778C-4AFC-B562-AB579FAD8C4C}"
EndProject
Project("{FAE04EC0-301F-11D3-BF4B-00C04F79EFBC}") = "AssemblyAI.Test", "AssemblyAI.Test\AssemblyAI.Test.csproj", "{8C0CC51F-4194-480E-AFDA-0A03F55E82E7}"
EndProject
Project("{2150E333-8FDC-42A3-9474-1A3956D46DE8}") = "Files", "Files", "{B5A3AAB6-2BCC-4E2B-BA05-143E56319486}"
	ProjectSection(SolutionItems) = preProject
		README.md = README.md
		.fernignore = .fernignore
		.gitignore = .gitignore
	EndProjectSection
EndProject
Project("{2150E333-8FDC-42A3-9474-1A3956D46DE8}") = "Samples", "Samples", "{9439959A-B6A4-4FBE-9251-BD71FA601354}"
EndProject
Project("{2150E333-8FDC-42A3-9474-1A3956D46DE8}") = "Avalonia", "Avalonia", "{B478E21B-9DF3-4916-B5E2-DD608D5A40B3}"
EndProject
Project("{FAE04EC0-301F-11D3-BF4B-00C04F79EFBC}") = "SimulateStream", "Samples\SimulateStream\SimulateStream.csproj", "{A7680A94-3B11-4CAE-8AB9-5332D7CAE97B}"
EndProject
Project("{FAE04EC0-301F-11D3-BF4B-00C04F79EFBC}") = "MicrophoneStream", "Samples\MicrophoneStream\MicrophoneStream.csproj", "{3BD86C07-D8CF-4CE2-B975-5254B77D31EB}"
EndProject
Project("{FAE04EC0-301F-11D3-BF4B-00C04F79EFBC}") = "Sample", "Samples\Avalonia\Sample\Sample.csproj", "{3F3CCCCF-35A6-44D1-AD32-2A157C63DDC0}"
EndProject
Project("{FAE04EC0-301F-11D3-BF4B-00C04F79EFBC}") = "Sample.Android", "Samples\Avalonia\Sample.Android\Sample.Android.csproj", "{C6DFC68D-162B-4D08-ABE2-7BAE098836F1}"
EndProject
Project("{FAE04EC0-301F-11D3-BF4B-00C04F79EFBC}") = "Sample.Browser", "Samples\Avalonia\Sample.Browser\Sample.Browser.csproj", "{E346A656-051A-44FD-84D5-8F46FA632948}"
EndProject
Project("{FAE04EC0-301F-11D3-BF4B-00C04F79EFBC}") = "Sample.Desktop", "Samples\Avalonia\Sample.Desktop\Sample.Desktop.csproj", "{C47F24F8-D65B-45A7-8D3A-9A149535F39D}"
EndProject
Project("{FAE04EC0-301F-11D3-BF4B-00C04F79EFBC}") = "Sample.iOS", "Samples\Avalonia\Sample.iOS\Sample.iOS.csproj", "{E559DFD0-B787-4E5C-AD33-40AD7957FA30}"
EndProject
Project("{FAE04EC0-301F-11D3-BF4B-00C04F79EFBC}") = "TwilioVoice", "Samples\TwilioVoice\TwilioVoice.csproj", "{C3FBF1EE-0E3E-4FD5-BCFB-F8A50F6349FE}"
EndProject
Project("{FAE04EC0-301F-11D3-BF4B-00C04F79EFBC}") = "MauiSample", "Samples\MauiSample\MauiSample.csproj", "{DD0D6000-996A-49D9-A296-B79532FC2475}"
EndProject
Project("{FAE04EC0-301F-11D3-BF4B-00C04F79EFBC}") = "Sample.Browser.Proxy", "Samples\Avalonia\Sample.Browser.Proxy\Sample.Browser.Proxy.csproj", "{A3A2D2D8-EDB1-48B9-BE4E-8CB389CE2768}"
EndProject
Global
	GlobalSection(SolutionConfigurationPlatforms) = preSolution
		Debug|Any CPU = Debug|Any CPU
		Release|Any CPU = Release|Any CPU
	EndGlobalSection
	GlobalSection(ProjectConfigurationPlatforms) = postSolution
		{7D54A49F-778C-4AFC-B562-AB579FAD8C4C}.Debug|Any CPU.ActiveCfg = Debug|Any CPU
		{7D54A49F-778C-4AFC-B562-AB579FAD8C4C}.Debug|Any CPU.Build.0 = Debug|Any CPU
		{7D54A49F-778C-4AFC-B562-AB579FAD8C4C}.Release|Any CPU.ActiveCfg = Release|Any CPU
		{7D54A49F-778C-4AFC-B562-AB579FAD8C4C}.Release|Any CPU.Build.0 = Release|Any CPU
		{8C0CC51F-4194-480E-AFDA-0A03F55E82E7}.Debug|Any CPU.ActiveCfg = Debug|Any CPU
		{8C0CC51F-4194-480E-AFDA-0A03F55E82E7}.Debug|Any CPU.Build.0 = Debug|Any CPU
		{8C0CC51F-4194-480E-AFDA-0A03F55E82E7}.Release|Any CPU.ActiveCfg = Release|Any CPU
		{8C0CC51F-4194-480E-AFDA-0A03F55E82E7}.Release|Any CPU.Build.0 = Release|Any CPU
		{A7680A94-3B11-4CAE-8AB9-5332D7CAE97B}.Debug|Any CPU.ActiveCfg = Debug|Any CPU
		{A7680A94-3B11-4CAE-8AB9-5332D7CAE97B}.Debug|Any CPU.Build.0 = Debug|Any CPU
		{A7680A94-3B11-4CAE-8AB9-5332D7CAE97B}.Release|Any CPU.ActiveCfg = Release|Any CPU
		{A7680A94-3B11-4CAE-8AB9-5332D7CAE97B}.Release|Any CPU.Build.0 = Release|Any CPU
		{3BD86C07-D8CF-4CE2-B975-5254B77D31EB}.Debug|Any CPU.ActiveCfg = Debug|Any CPU
		{3BD86C07-D8CF-4CE2-B975-5254B77D31EB}.Debug|Any CPU.Build.0 = Debug|Any CPU
		{3BD86C07-D8CF-4CE2-B975-5254B77D31EB}.Release|Any CPU.ActiveCfg = Release|Any CPU
		{3BD86C07-D8CF-4CE2-B975-5254B77D31EB}.Release|Any CPU.Build.0 = Release|Any CPU
		{3F3CCCCF-35A6-44D1-AD32-2A157C63DDC0}.Debug|Any CPU.ActiveCfg = Debug|Any CPU
		{3F3CCCCF-35A6-44D1-AD32-2A157C63DDC0}.Debug|Any CPU.Build.0 = Debug|Any CPU
		{3F3CCCCF-35A6-44D1-AD32-2A157C63DDC0}.Release|Any CPU.ActiveCfg = Release|Any CPU
		{3F3CCCCF-35A6-44D1-AD32-2A157C63DDC0}.Release|Any CPU.Build.0 = Release|Any CPU
		{C6DFC68D-162B-4D08-ABE2-7BAE098836F1}.Debug|Any CPU.ActiveCfg = Debug|Any CPU
		{C6DFC68D-162B-4D08-ABE2-7BAE098836F1}.Debug|Any CPU.Build.0 = Debug|Any CPU
		{C6DFC68D-162B-4D08-ABE2-7BAE098836F1}.Release|Any CPU.ActiveCfg = Release|Any CPU
		{C6DFC68D-162B-4D08-ABE2-7BAE098836F1}.Release|Any CPU.Build.0 = Release|Any CPU
		{E346A656-051A-44FD-84D5-8F46FA632948}.Debug|Any CPU.ActiveCfg = Debug|Any CPU
		{E346A656-051A-44FD-84D5-8F46FA632948}.Debug|Any CPU.Build.0 = Debug|Any CPU
		{E346A656-051A-44FD-84D5-8F46FA632948}.Release|Any CPU.ActiveCfg = Release|Any CPU
		{E346A656-051A-44FD-84D5-8F46FA632948}.Release|Any CPU.Build.0 = Release|Any CPU
		{C47F24F8-D65B-45A7-8D3A-9A149535F39D}.Debug|Any CPU.ActiveCfg = Debug|Any CPU
		{C47F24F8-D65B-45A7-8D3A-9A149535F39D}.Debug|Any CPU.Build.0 = Debug|Any CPU
		{C47F24F8-D65B-45A7-8D3A-9A149535F39D}.Release|Any CPU.ActiveCfg = Release|Any CPU
		{C47F24F8-D65B-45A7-8D3A-9A149535F39D}.Release|Any CPU.Build.0 = Release|Any CPU
		{E559DFD0-B787-4E5C-AD33-40AD7957FA30}.Debug|Any CPU.ActiveCfg = Debug|Any CPU
		{E559DFD0-B787-4E5C-AD33-40AD7957FA30}.Debug|Any CPU.Build.0 = Debug|Any CPU
		{E559DFD0-B787-4E5C-AD33-40AD7957FA30}.Release|Any CPU.ActiveCfg = Release|Any CPU
		{E559DFD0-B787-4E5C-AD33-40AD7957FA30}.Release|Any CPU.Build.0 = Release|Any CPU
		{C3FBF1EE-0E3E-4FD5-BCFB-F8A50F6349FE}.Debug|Any CPU.ActiveCfg = Debug|Any CPU
		{C3FBF1EE-0E3E-4FD5-BCFB-F8A50F6349FE}.Debug|Any CPU.Build.0 = Debug|Any CPU
		{C3FBF1EE-0E3E-4FD5-BCFB-F8A50F6349FE}.Release|Any CPU.ActiveCfg = Release|Any CPU
		{C3FBF1EE-0E3E-4FD5-BCFB-F8A50F6349FE}.Release|Any CPU.Build.0 = Release|Any CPU
		{DD0D6000-996A-49D9-A296-B79532FC2475}.Debug|Any CPU.ActiveCfg = Debug|Any CPU
		{DD0D6000-996A-49D9-A296-B79532FC2475}.Debug|Any CPU.Build.0 = Debug|Any CPU
		{DD0D6000-996A-49D9-A296-B79532FC2475}.Release|Any CPU.ActiveCfg = Release|Any CPU
		{DD0D6000-996A-49D9-A296-B79532FC2475}.Release|Any CPU.Build.0 = Release|Any CPU
		{A3A2D2D8-EDB1-48B9-BE4E-8CB389CE2768}.Debug|Any CPU.ActiveCfg = Debug|Any CPU
		{A3A2D2D8-EDB1-48B9-BE4E-8CB389CE2768}.Debug|Any CPU.Build.0 = Debug|Any CPU
		{A3A2D2D8-EDB1-48B9-BE4E-8CB389CE2768}.Release|Any CPU.ActiveCfg = Release|Any CPU
		{A3A2D2D8-EDB1-48B9-BE4E-8CB389CE2768}.Release|Any CPU.Build.0 = Release|Any CPU
	EndGlobalSection
	GlobalSection(NestedProjects) = preSolution
		{B478E21B-9DF3-4916-B5E2-DD608D5A40B3} = {9439959A-B6A4-4FBE-9251-BD71FA601354}
		{A7680A94-3B11-4CAE-8AB9-5332D7CAE97B} = {9439959A-B6A4-4FBE-9251-BD71FA601354}
		{3BD86C07-D8CF-4CE2-B975-5254B77D31EB} = {9439959A-B6A4-4FBE-9251-BD71FA601354}
		{3F3CCCCF-35A6-44D1-AD32-2A157C63DDC0} = {B478E21B-9DF3-4916-B5E2-DD608D5A40B3}
		{C6DFC68D-162B-4D08-ABE2-7BAE098836F1} = {B478E21B-9DF3-4916-B5E2-DD608D5A40B3}
		{E346A656-051A-44FD-84D5-8F46FA632948} = {B478E21B-9DF3-4916-B5E2-DD608D5A40B3}
		{C47F24F8-D65B-45A7-8D3A-9A149535F39D} = {B478E21B-9DF3-4916-B5E2-DD608D5A40B3}
		{E559DFD0-B787-4E5C-AD33-40AD7957FA30} = {B478E21B-9DF3-4916-B5E2-DD608D5A40B3}
		{C3FBF1EE-0E3E-4FD5-BCFB-F8A50F6349FE} = {9439959A-B6A4-4FBE-9251-BD71FA601354}
		{DD0D6000-996A-49D9-A296-B79532FC2475} = {9439959A-B6A4-4FBE-9251-BD71FA601354}
		{A3A2D2D8-EDB1-48B9-BE4E-8CB389CE2768} = {B478E21B-9DF3-4916-B5E2-DD608D5A40B3}
	EndGlobalSection
EndGlobal
