
Microsoft Visual Studio Solution File, Format Version 12.00
# Visual Studio Version 17
VisualStudioVersion = 17.0.31903.59
MinimumVisualStudioVersion = 10.0.40219.1
Project("{2150E333-8FDC-42A3-9474-1A3956D46DE8}") = "Avalonia", "Avalonia", "{AE370BD2-9603-40EB-A00A-28EBA4EC2982}"
EndProject
Project("{FAE04EC0-301F-11D3-BF4B-00C04F79EFBC}") = "Sample", "Avalonia\Sample\Sample.csproj", "{2BC29D18-06F8-4383-896F-A2AF83E15CAF}"
EndProject
Project("{FAE04EC0-301F-11D3-BF4B-00C04F79EFBC}") = "Sample.Android", "Avalonia\Sample.Android\Sample.Android.csproj", "{434679CF-9EBD-4ED5-81B5-BB6D7B1BEAEE}"
EndProject
Project("{FAE04EC0-301F-11D3-BF4B-00C04F79EFBC}") = "Sample.Browser", "Avalonia\Sample.Browser\Sample.Browser.csproj", "{F5109B8F-CC07-4495-B6A8-AFE691E67AF7}"
EndProject
Project("{FAE04EC0-301F-11D3-BF4B-00C04F79EFBC}") = "Sample.Browser.Proxy", "Avalonia\Sample.Browser.Proxy\Sample.Browser.Proxy.csproj", "{7C9D7552-42DB-4428-AE67-2CAC982D7ED4}"
EndProject
Project("{FAE04EC0-301F-11D3-BF4B-00C04F79EFBC}") = "Sample.Desktop", "Avalonia\Sample.Desktop\Sample.Desktop.csproj", "{216C1B19-BA37-4F59-8170-1064968CB557}"
EndProject
Project("{FAE04EC0-301F-11D3-BF4B-00C04F79EFBC}") = "Sample.iOS", "Avalonia\Sample.iOS\Sample.iOS.csproj", "{36F13063-6B05-419B-962E-B10C6AC4A9EC}"
EndProject
Project("{FAE04EC0-301F-11D3-BF4B-00C04F79EFBC}") = "AssemblyAI", "..\src\AssemblyAI\AssemblyAI.csproj", "{023BFDD2-C00C-4B06-81B3-537C4653C70A}"
EndProject
Project("{2150E333-8FDC-42A3-9474-1A3956D46DE8}") = "BlazorSample", "BlazorSample", "{2A2BE58B-6E40-45BF-9D6A-C17A7A029516}"
EndProject
Project("{FAE04EC0-301F-11D3-BF4B-00C04F79EFBC}") = "BlazorSample.Server", "BlazorSample\BlazorSample.Server\BlazorSample.Server.csproj", "{F6B35754-0AF3-4D88-866E-3C67B4C40178}"
EndProject
Project("{FAE04EC0-301F-11D3-BF4B-00C04F79EFBC}") = "BlazorSample.Shared", "BlazorSample\BlazorSample.Shared\BlazorSample.Shared.csproj", "{D59701E4-9259-49B1-9B24-08EB39531631}"
EndProject
Project("{FAE04EC0-301F-11D3-BF4B-00C04F79EFBC}") = "BlazorSample.Wasm", "BlazorSample\BlazorSample.Wasm\BlazorSample.Wasm.csproj", "{10DFF281-CE2C-449B-A5BF-CA85C2760EC3}"
EndProject
Project("{FAE04EC0-301F-11D3-BF4B-00C04F79EFBC}") = "TwilioVoice", "TwilioVoice\TwilioVoice.csproj", "{F7C9846B-4483-4FA9-A7A7-50F8CF8C4248}"
EndProject
Project("{FAE04EC0-301F-11D3-BF4B-00C04F79EFBC}") = "SimulateStream", "SimulateStream\SimulateStream.csproj", "{07117C8C-DE7A-46BE-9F98-6D0F362E5AB0}"
EndProject
Project("{FAE04EC0-301F-11D3-BF4B-00C04F79EFBC}") = "MicrophoneStream", "MicrophoneStream\MicrophoneStream.csproj", "{B6BE7553-C025-45ED-AE6E-2E31A8BEE4AC}"
EndProject
Project("{2150E333-8FDC-42A3-9474-1A3956D46DE8}") = "External", "External", "{B3013ED5-8B41-45E9-8042-B7F0CA7ECF7C}"
EndProject
Global
	GlobalSection(SolutionConfigurationPlatforms) = preSolution
		Debug|Any CPU = Debug|Any CPU
		Release|Any CPU = Release|Any CPU
	EndGlobalSection
	GlobalSection(SolutionProperties) = preSolution
		HideSolutionNode = FALSE
	EndGlobalSection
	GlobalSection(ProjectConfigurationPlatforms) = postSolution
		{2BC29D18-06F8-4383-896F-A2AF83E15CAF}.Debug|Any CPU.ActiveCfg = Debug|Any CPU
		{2BC29D18-06F8-4383-896F-A2AF83E15CAF}.Debug|Any CPU.Build.0 = Debug|Any CPU
		{2BC29D18-06F8-4383-896F-A2AF83E15CAF}.Release|Any CPU.ActiveCfg = Release|Any CPU
		{2BC29D18-06F8-4383-896F-A2AF83E15CAF}.Release|Any CPU.Build.0 = Release|Any CPU
		{434679CF-9EBD-4ED5-81B5-BB6D7B1BEAEE}.Debug|Any CPU.ActiveCfg = Debug|Any CPU
		{434679CF-9EBD-4ED5-81B5-BB6D7B1BEAEE}.Debug|Any CPU.Build.0 = Debug|Any CPU
		{434679CF-9EBD-4ED5-81B5-BB6D7B1BEAEE}.Release|Any CPU.ActiveCfg = Release|Any CPU
		{434679CF-9EBD-4ED5-81B5-BB6D7B1BEAEE}.Release|Any CPU.Build.0 = Release|Any CPU
		{F5109B8F-CC07-4495-B6A8-AFE691E67AF7}.Debug|Any CPU.ActiveCfg = Debug|Any CPU
		{F5109B8F-CC07-4495-B6A8-AFE691E67AF7}.Debug|Any CPU.Build.0 = Debug|Any CPU
		{F5109B8F-CC07-4495-B6A8-AFE691E67AF7}.Release|Any CPU.ActiveCfg = Release|Any CPU
		{F5109B8F-CC07-4495-B6A8-AFE691E67AF7}.Release|Any CPU.Build.0 = Release|Any CPU
		{7C9D7552-42DB-4428-AE67-2CAC982D7ED4}.Debug|Any CPU.ActiveCfg = Debug|Any CPU
		{7C9D7552-42DB-4428-AE67-2CAC982D7ED4}.Debug|Any CPU.Build.0 = Debug|Any CPU
		{7C9D7552-42DB-4428-AE67-2CAC982D7ED4}.Release|Any CPU.ActiveCfg = Release|Any CPU
		{7C9D7552-42DB-4428-AE67-2CAC982D7ED4}.Release|Any CPU.Build.0 = Release|Any CPU
		{216C1B19-BA37-4F59-8170-1064968CB557}.Debug|Any CPU.ActiveCfg = Debug|Any CPU
		{216C1B19-BA37-4F59-8170-1064968CB557}.Debug|Any CPU.Build.0 = Debug|Any CPU
		{216C1B19-BA37-4F59-8170-1064968CB557}.Release|Any CPU.ActiveCfg = Release|Any CPU
		{216C1B19-BA37-4F59-8170-1064968CB557}.Release|Any CPU.Build.0 = Release|Any CPU
		{36F13063-6B05-419B-962E-B10C6AC4A9EC}.Debug|Any CPU.ActiveCfg = Debug|Any CPU
		{36F13063-6B05-419B-962E-B10C6AC4A9EC}.Debug|Any CPU.Build.0 = Debug|Any CPU
		{36F13063-6B05-419B-962E-B10C6AC4A9EC}.Release|Any CPU.ActiveCfg = Release|Any CPU
		{36F13063-6B05-419B-962E-B10C6AC4A9EC}.Release|Any CPU.Build.0 = Release|Any CPU
		{023BFDD2-C00C-4B06-81B3-537C4653C70A}.Debug|Any CPU.ActiveCfg = Debug|Any CPU
		{023BFDD2-C00C-4B06-81B3-537C4653C70A}.Debug|Any CPU.Build.0 = Debug|Any CPU
		{023BFDD2-C00C-4B06-81B3-537C4653C70A}.Release|Any CPU.ActiveCfg = Release|Any CPU
		{023BFDD2-C00C-4B06-81B3-537C4653C70A}.Release|Any CPU.Build.0 = Release|Any CPU
		{F6B35754-0AF3-4D88-866E-3C67B4C40178}.Debug|Any CPU.ActiveCfg = Debug|Any CPU
		{F6B35754-0AF3-4D88-866E-3C67B4C40178}.Debug|Any CPU.Build.0 = Debug|Any CPU
		{F6B35754-0AF3-4D88-866E-3C67B4C40178}.Release|Any CPU.ActiveCfg = Release|Any CPU
		{F6B35754-0AF3-4D88-866E-3C67B4C40178}.Release|Any CPU.Build.0 = Release|Any CPU
		{D59701E4-9259-49B1-9B24-08EB39531631}.Debug|Any CPU.ActiveCfg = Debug|Any CPU
		{D59701E4-9259-49B1-9B24-08EB39531631}.Debug|Any CPU.Build.0 = Debug|Any CPU
		{D59701E4-9259-49B1-9B24-08EB39531631}.Release|Any CPU.ActiveCfg = Release|Any CPU
		{D59701E4-9259-49B1-9B24-08EB39531631}.Release|Any CPU.Build.0 = Release|Any CPU
		{10DFF281-CE2C-449B-A5BF-CA85C2760EC3}.Debug|Any CPU.ActiveCfg = Debug|Any CPU
		{10DFF281-CE2C-449B-A5BF-CA85C2760EC3}.Debug|Any CPU.Build.0 = Debug|Any CPU
		{10DFF281-CE2C-449B-A5BF-CA85C2760EC3}.Release|Any CPU.ActiveCfg = Release|Any CPU
		{10DFF281-CE2C-449B-A5BF-CA85C2760EC3}.Release|Any CPU.Build.0 = Release|Any CPU
		{F7C9846B-4483-4FA9-A7A7-50F8CF8C4248}.Debug|Any CPU.ActiveCfg = Debug|Any CPU
		{F7C9846B-4483-4FA9-A7A7-50F8CF8C4248}.Debug|Any CPU.Build.0 = Debug|Any CPU
		{F7C9846B-4483-4FA9-A7A7-50F8CF8C4248}.Release|Any CPU.ActiveCfg = Release|Any CPU
		{F7C9846B-4483-4FA9-A7A7-50F8CF8C4248}.Release|Any CPU.Build.0 = Release|Any CPU
		{07117C8C-DE7A-46BE-9F98-6D0F362E5AB0}.Debug|Any CPU.ActiveCfg = Debug|Any CPU
		{07117C8C-DE7A-46BE-9F98-6D0F362E5AB0}.Debug|Any CPU.Build.0 = Debug|Any CPU
		{07117C8C-DE7A-46BE-9F98-6D0F362E5AB0}.Release|Any CPU.ActiveCfg = Release|Any CPU
		{07117C8C-DE7A-46BE-9F98-6D0F362E5AB0}.Release|Any CPU.Build.0 = Release|Any CPU
		{B6BE7553-C025-45ED-AE6E-2E31A8BEE4AC}.Debug|Any CPU.ActiveCfg = Debug|Any CPU
		{B6BE7553-C025-45ED-AE6E-2E31A8BEE4AC}.Debug|Any CPU.Build.0 = Debug|Any CPU
		{B6BE7553-C025-45ED-AE6E-2E31A8BEE4AC}.Release|Any CPU.ActiveCfg = Release|Any CPU
		{B6BE7553-C025-45ED-AE6E-2E31A8BEE4AC}.Release|Any CPU.Build.0 = Release|Any CPU
	EndGlobalSection
	GlobalSection(NestedProjects) = preSolution
		{2BC29D18-06F8-4383-896F-A2AF83E15CAF} = {AE370BD2-9603-40EB-A00A-28EBA4EC2982}
		{434679CF-9EBD-4ED5-81B5-BB6D7B1BEAEE} = {AE370BD2-9603-40EB-A00A-28EBA4EC2982}
		{F5109B8F-CC07-4495-B6A8-AFE691E67AF7} = {AE370BD2-9603-40EB-A00A-28EBA4EC2982}
		{7C9D7552-42DB-4428-AE67-2CAC982D7ED4} = {AE370BD2-9603-40EB-A00A-28EBA4EC2982}
		{216C1B19-BA37-4F59-8170-1064968CB557} = {AE370BD2-9603-40EB-A00A-28EBA4EC2982}
		{36F13063-6B05-419B-962E-B10C6AC4A9EC} = {AE370BD2-9603-40EB-A00A-28EBA4EC2982}
		{F6B35754-0AF3-4D88-866E-3C67B4C40178} = {2A2BE58B-6E40-45BF-9D6A-C17A7A029516}
		{D59701E4-9259-49B1-9B24-08EB39531631} = {2A2BE58B-6E40-45BF-9D6A-C17A7A029516}
		{10DFF281-CE2C-449B-A5BF-CA85C2760EC3} = {2A2BE58B-6E40-45BF-9D6A-C17A7A029516}
		{023BFDD2-C00C-4B06-81B3-537C4653C70A} = {B3013ED5-8B41-45E9-8042-B7F0CA7ECF7C}
	EndGlobalSection
EndGlobal
