
Microsoft Visual Studio Solution File, Format Version 12.00
# Visual Studio Version 17
VisualStudioVersion = 17.0.31903.59
MinimumVisualStudioVersion = 10.0.40219.1
Project("{FAE04EC0-301F-11D3-BF4B-00C04F79EFBC}") = "AssemblyAI", "AssemblyAI\AssemblyAI.csproj", "{32DE8FA1-0C40-4B27-875E-6281240031B4}"
EndProject
Project("{FAE04EC0-301F-11D3-BF4B-00C04F79EFBC}") = "AssemblyAI.IntegrationTests", "AssemblyAI.IntegrationTests\AssemblyAI.IntegrationTests.csproj", "{311AB518-6FCF-453B-A4B7-12E444C9479E}"
EndProject
Project("{FAE04EC0-301F-11D3-BF4B-00C04F79EFBC}") = "AssemblyAI.UnitTests", "AssemblyAI.UnitTests\AssemblyAI.UnitTests.csproj", "{547C3456-F649-4E68-A591-0538486F7DE3}"
EndProject
Global
	GlobalSection(SolutionConfigurationPlatforms) = preSolution
		Debug|Any CPU = Debug|Any CPU
		Release|Any CPU = Release|Any CPU
	EndGlobalSection
	GlobalSection(SolutionProperties) = preSolution
		HideSolutionNode = FALSE
	EndGlobalSection
	GlobalSection(ProjectConfigurationPlatforms) = postSolution
		{32DE8FA1-0C40-4B27-875E-6281240031B4}.Debug|Any CPU.ActiveCfg = Debug|Any CPU
		{32DE8FA1-0C40-4B27-875E-6281240031B4}.Debug|Any CPU.Build.0 = Debug|Any CPU
		{32DE8FA1-0C40-4B27-875E-6281240031B4}.Release|Any CPU.ActiveCfg = Release|Any CPU
		{32DE8FA1-0C40-4B27-875E-6281240031B4}.Release|Any CPU.Build.0 = Release|Any CPU
		{311AB518-6FCF-453B-A4B7-12E444C9479E}.Debug|Any CPU.ActiveCfg = Debug|Any CPU
		{311AB518-6FCF-453B-A4B7-12E444C9479E}.Debug|Any CPU.Build.0 = Debug|Any CPU
		{311AB518-6FCF-453B-A4B7-12E444C9479E}.Release|Any CPU.ActiveCfg = Release|Any CPU
		{311AB518-6FCF-453B-A4B7-12E444C9479E}.Release|Any CPU.Build.0 = Release|Any CPU
		{547C3456-F649-4E68-A591-0538486F7DE3}.Debug|Any CPU.ActiveCfg = Debug|Any CPU
		{547C3456-F649-4E68-A591-0538486F7DE3}.Debug|Any CPU.Build.0 = Debug|Any CPU
		{547C3456-F649-4E68-A591-0538486F7DE3}.Release|Any CPU.ActiveCfg = Release|Any CPU
		{547C3456-F649-4E68-A591-0538486F7DE3}.Release|Any CPU.Build.0 = Release|Any CPU
	EndGlobalSection
EndGlobal
