
Microsoft Visual Studio Solution File, Format Version 12.00
# Visual Studio Version 17
VisualStudioVersion = 17.0.31903.59
MinimumVisualStudioVersion = 10.0.40219.1
Project("{FAE04EC0-301F-11D3-BF4B-00C04F79EFBC}") = "AssemblyAI", "AssemblyAI\AssemblyAI.csproj", "{BEAFFC37-A74B-4631-93FF-820AC159F8A2}"
EndProject
Project("{FAE04EC0-301F-11D3-BF4B-00C04F79EFBC}") = "AssemblyAI.Test", "AssemblyAI.Test\AssemblyAI.Test.csproj", "{6850F3A1-514C-40F7-9F9A-E540F215C69C}"
EndProject
Global
	GlobalSection(SolutionConfigurationPlatforms) = preSolution
		Debug|Any CPU = Debug|Any CPU
		Release|Any CPU = Release|Any CPU
	EndGlobalSection
	GlobalSection(SolutionProperties) = preSolution
		HideSolutionNode = FALSE
	EndGlobalSection
	GlobalSection(ProjectConfigurationPlatforms) = postSolution
		{BEAFFC37-A74B-4631-93FF-820AC159F8A2}.Debug|Any CPU.ActiveCfg = Debug|Any CPU
		{BEAFFC37-A74B-4631-93FF-820AC159F8A2}.Debug|Any CPU.Build.0 = Debug|Any CPU
		{BEAFFC37-A74B-4631-93FF-820AC159F8A2}.Release|Any CPU.ActiveCfg = Release|Any CPU
		{BEAFFC37-A74B-4631-93FF-820AC159F8A2}.Release|Any CPU.Build.0 = Release|Any CPU
		{6850F3A1-514C-40F7-9F9A-E540F215C69C}.Debug|Any CPU.ActiveCfg = Debug|Any CPU
		{6850F3A1-514C-40F7-9F9A-E540F215C69C}.Debug|Any CPU.Build.0 = Debug|Any CPU
		{6850F3A1-514C-40F7-9F9A-E540F215C69C}.Release|Any CPU.ActiveCfg = Release|Any CPU
		{6850F3A1-514C-40F7-9F9A-E540F215C69C}.Release|Any CPU.Build.0 = Release|Any CPU
	EndGlobalSection
EndGlobal
